
Microsoft Visual Studio Solution File, Format Version 12.00
# Visual Studio Version 17
VisualStudioVersion = 17.7.34202.233
MinimumVisualStudioVersion = 10.0.40219.1
Project("{FAE04EC0-301F-11D3-BF4B-00C04F79EFBC}") = "21.Forms in C#", "21.Forms in C#.csproj", "{9C74E170-32C6-4ADE-A387-D0BEBA249103}"
EndProject
Global
	GlobalSection(SolutionConfigurationPlatforms) = preSolution
		Debug|Any CPU = Debug|Any CPU
		Release|Any CPU = Release|Any CPU
	EndGlobalSection
	GlobalSection(ProjectConfigurationPlatforms) = postSolution
		{9C74E170-32C6-4ADE-A387-D0BEBA249103}.Debug|Any CPU.ActiveCfg = Debug|Any CPU
		{9C74E170-32C6-4ADE-A387-D0BEBA249103}.Debug|Any CPU.Build.0 = Debug|Any CPU
		{9C74E170-32C6-4ADE-A387-D0BEBA249103}.Release|Any CPU.ActiveCfg = Release|Any CPU
		{9C74E170-32C6-4ADE-A387-D0BEBA249103}.Release|Any CPU.Build.0 = Release|Any CPU
	EndGlobalSection
	GlobalSection(SolutionProperties) = preSolution
		HideSolutionNode = FALSE
	EndGlobalSection
	GlobalSection(ExtensibilityGlobals) = postSolution
		SolutionGuid = {A10CFA1F-F272-42BB-98F5-A0CC37EC6AE0}
	EndGlobalSection
EndGlobal
